// !$*UTF8*$!
{
	archiveVersion = 1;
	classes = {
	};
	objectVersion = 46;
	objects = {

/* Begin PBXBuildFile section */
		697303A11D43267900BBFED0 /* AppDelegate.swift in Sources */ = {isa = PBXBuildFile; fileRef = 697303A01D43267900BBFED0 /* AppDelegate.swift */; };
		697303A31D43267900BBFED0 /* ViewController.swift in Sources */ = {isa = PBXBuildFile; fileRef = 697303A21D43267900BBFED0 /* ViewController.swift */; };
		697303A61D43267900BBFED0 /* Main.storyboard in Resources */ = {isa = PBXBuildFile; fileRef = 697303A41D43267900BBFED0 /* Main.storyboard */; };
		697303A81D43267900BBFED0 /* Assets.xcassets in Resources */ = {isa = PBXBuildFile; fileRef = 697303A71D43267900BBFED0 /* Assets.xcassets */; };
		697303AB1D43267900BBFED0 /* LaunchScreen.storyboard in Resources */ = {isa = PBXBuildFile; fileRef = 697303A91D43267900BBFED0 /* LaunchScreen.storyboard */; };
		697303B61D43267900BBFED0 /* FoodTrackerTests.swift in Sources */ = {isa = PBXBuildFile; fileRef = 697303B51D43267900BBFED0 /* FoodTrackerTests.swift */; };
		697303C11D43267900BBFED0 /* FoodTrackerUITests.swift in Sources */ = {isa = PBXBuildFile; fileRef = 697303C01D43267900BBFED0 /* FoodTrackerUITests.swift */; };
/* End PBXBuildFile section */

/* Begin PBXContainerItemProxy section */
		697303B21D43267900BBFED0 /* PBXContainerItemProxy */ = {
			isa = PBXContainerItemProxy;
			containerPortal = 697303951D43267900BBFED0 /* Project object */;
			proxyType = 1;
			remoteGlobalIDString = 6973039C1D43267900BBFED0;
			remoteInfo = FoodTracker;
		};
		697303BD1D43267900BBFED0 /* PBXContainerItemProxy */ = {
			isa = PBXContainerItemProxy;
			containerPortal = 697303951D43267900BBFED0 /* Project object */;
			proxyType = 1;
			remoteGlobalIDString = 6973039C1D43267900BBFED0;
			remoteInfo = FoodTracker;
		};
/* End PBXContainerItemProxy section */

/* Begin PBXFileReference section */
		6973039D1D43267900BBFED0 /* FoodTracker.app */ = {isa = PBXFileReference; explicitFileType = wrapper.application; includeInIndex = 0; path = FoodTracker.app; sourceTree = BUILT_PRODUCTS_DIR; };
		697303A01D43267900BBFED0 /* AppDelegate.swift */ = {isa = PBXFileReference; lastKnownFileType = sourcecode.swift; path = AppDelegate.swift; sourceTree = "<group>"; };
		697303A21D43267900BBFED0 /* ViewController.swift */ = {isa = PBXFileReference; lastKnownFileType = sourcecode.swift; path = ViewController.swift; sourceTree = "<group>"; };
		697303A51D43267900BBFED0 /* Base */ = {isa = PBXFileReference; lastKnownFileType = file.storyboard; name = Base; path = Base.lproj/Main.storyboard; sourceTree = "<group>"; };
		697303A71D43267900BBFED0 /* Assets.xcassets */ = {isa = PBXFileReference; lastKnownFileType = folder.assetcatalog; path = Assets.xcassets; sourceTree = "<group>"; };
		697303AA1D43267900BBFED0 /* Base */ = {isa = PBXFileReference; lastKnownFileType = file.storyboard; name = Base; path = Base.lproj/LaunchScreen.storyboard; sourceTree = "<group>"; };
		697303AC1D43267900BBFED0 /* Info.plist */ = {isa = PBXFileReference; lastKnownFileType = text.plist.xml; path = Info.plist; sourceTree = "<group>"; };
		697303B11D43267900BBFED0 /* FoodTrackerTests.xctest */ = {isa = PBXFileReference; explicitFileType = wrapper.cfbundle; includeInIndex = 0; path = FoodTrackerTests.xctest; sourceTree = BUILT_PRODUCTS_DIR; };
		697303B51D43267900BBFED0 /* FoodTrackerTests.swift */ = {isa = PBXFileReference; lastKnownFileType = sourcecode.swift; path = FoodTrackerTests.swift; sourceTree = "<group>"; };
		697303B71D43267900BBFED0 /* Info.plist */ = {isa = PBXFileReference; lastKnownFileType = text.plist.xml; path = Info.plist; sourceTree = "<group>"; };
		697303BC1D43267900BBFED0 /* FoodTrackerUITests.xctest */ = {isa = PBXFileReference; explicitFileType = wrapper.cfbundle; includeInIndex = 0; path = FoodTrackerUITests.xctest; sourceTree = BUILT_PRODUCTS_DIR; };
		697303C01D43267900BBFED0 /* FoodTrackerUITests.swift */ = {isa = PBXFileReference; lastKnownFileType = sourcecode.swift; path = FoodTrackerUITests.swift; sourceTree = "<group>"; };
		697303C21D43267900BBFED0 /* Info.plist */ = {isa = PBXFileReference; lastKnownFileType = text.plist.xml; path = Info.plist; sourceTree = "<group>"; };
/* End PBXFileReference section */

/* Begin PBXFrameworksBuildPhase section */
		6973039A1D43267900BBFED0 /* Frameworks */ = {
			isa = PBXFrameworksBuildPhase;
			buildActionMask = 2147483647;
			files = (
			);
			runOnlyForDeploymentPostprocessing = 0;
		};
		697303AE1D43267900BBFED0 /* Frameworks */ = {
			isa = PBXFrameworksBuildPhase;
			buildActionMask = 2147483647;
			files = (
			);
			runOnlyForDeploymentPostprocessing = 0;
		};
		697303B91D43267900BBFED0 /* Frameworks */ = {
			isa = PBXFrameworksBuildPhase;
			buildActionMask = 2147483647;
			files = (
			);
			runOnlyForDeploymentPostprocessing = 0;
		};
/* End PBXFrameworksBuildPhase section */

/* Begin PBXGroup section */
		697303941D43267900BBFED0 = {
			isa = PBXGroup;
			children = (
				6973039F1D43267900BBFED0 /* FoodTracker */,
				697303B41D43267900BBFED0 /* FoodTrackerTests */,
				697303BF1D43267900BBFED0 /* FoodTrackerUITests */,
				6973039E1D43267900BBFED0 /* Products */,
			);
			sourceTree = "<group>";
		};
		6973039E1D43267900BBFED0 /* Products */ = {
			isa = PBXGroup;
			children = (
				6973039D1D43267900BBFED0 /* FoodTracker.app */,
				697303B11D43267900BBFED0 /* FoodTrackerTests.xctest */,
				697303BC1D43267900BBFED0 /* FoodTrackerUITests.xctest */,
			);
			name = Products;
			sourceTree = "<group>";
		};
		6973039F1D43267900BBFED0 /* FoodTracker */ = {
			isa = PBXGroup;
			children = (
				697303A01D43267900BBFED0 /* AppDelegate.swift */,
				697303A21D43267900BBFED0 /* ViewController.swift */,
				697303A41D43267900BBFED0 /* Main.storyboard */,
				697303A71D43267900BBFED0 /* Assets.xcassets */,
				697303A91D43267900BBFED0 /* LaunchScreen.storyboard */,
				697303AC1D43267900BBFED0 /* Info.plist */,
			);
			path = FoodTracker;
			sourceTree = "<group>";
		};
		697303B41D43267900BBFED0 /* FoodTrackerTests */ = {
			isa = PBXGroup;
			children = (
				697303B51D43267900BBFED0 /* FoodTrackerTests.swift */,
				697303B71D43267900BBFED0 /* Info.plist */,
			);
			path = FoodTrackerTests;
			sourceTree = "<group>";
		};
		697303BF1D43267900BBFED0 /* FoodTrackerUITests */ = {
			isa = PBXGroup;
			children = (
				697303C01D43267900BBFED0 /* FoodTrackerUITests.swift */,
				697303C21D43267900BBFED0 /* Info.plist */,
			);
			path = FoodTrackerUITests;
			sourceTree = "<group>";
		};
/* End PBXGroup section */

/* Begin PBXNativeTarget section */
		6973039C1D43267900BBFED0 /* FoodTracker */ = {
			isa = PBXNativeTarget;
			buildConfigurationList = 697303C51D43267900BBFED0 /* Build configuration list for PBXNativeTarget "FoodTracker" */;
			buildPhases = (
				697303991D43267900BBFED0 /* Sources */,
				6973039A1D43267900BBFED0 /* Frameworks */,
				6973039B1D43267900BBFED0 /* Resources */,
			);
			buildRules = (
			);
			dependencies = (
			);
			name = FoodTracker;
			productName = FoodTracker;
			productReference = 6973039D1D43267900BBFED0 /* FoodTracker.app */;
			productType = "com.apple.product-type.application";
		};
		697303B01D43267900BBFED0 /* FoodTrackerTests */ = {
			isa = PBXNativeTarget;
			buildConfigurationList = 697303C81D43267900BBFED0 /* Build configuration list for PBXNativeTarget "FoodTrackerTests" */;
			buildPhases = (
				697303AD1D43267900BBFED0 /* Sources */,
				697303AE1D43267900BBFED0 /* Frameworks */,
				697303AF1D43267900BBFED0 /* Resources */,
			);
			buildRules = (
			);
			dependencies = (
				697303B31D43267900BBFED0 /* PBXTargetDependency */,
			);
			name = FoodTrackerTests;
			productName = FoodTrackerTests;
			productReference = 697303B11D43267900BBFED0 /* FoodTrackerTests.xctest */;
			productType = "com.apple.product-type.bundle.unit-test";
		};
		697303BB1D43267900BBFED0 /* FoodTrackerUITests */ = {
			isa = PBXNativeTarget;
			buildConfigurationList = 697303CB1D43267900BBFED0 /* Build configuration list for PBXNativeTarget "FoodTrackerUITests" */;
			buildPhases = (
				697303B81D43267900BBFED0 /* Sources */,
				697303B91D43267900BBFED0 /* Frameworks */,
				697303BA1D43267900BBFED0 /* Resources */,
			);
			buildRules = (
			);
			dependencies = (
				697303BE1D43267900BBFED0 /* PBXTargetDependency */,
			);
			name = FoodTrackerUITests;
			productName = FoodTrackerUITests;
			productReference = 697303BC1D43267900BBFED0 /* FoodTrackerUITests.xctest */;
			productType = "com.apple.product-type.bundle.ui-testing";
		};
/* End PBXNativeTarget section */

/* Begin PBXProject section */
		697303951D43267900BBFED0 /* Project object */ = {
			isa = PBXProject;
			attributes = {
				LastSwiftUpdateCheck = 0730;
				LastUpgradeCheck = 0730;
				ORGANIZATIONNAME = Railsgem;
				TargetAttributes = {
					6973039C1D43267900BBFED0 = {
						CreatedOnToolsVersion = 7.3.1;
					};
					697303B01D43267900BBFED0 = {
						CreatedOnToolsVersion = 7.3.1;
						TestTargetID = 6973039C1D43267900BBFED0;
					};
					697303BB1D43267900BBFED0 = {
						CreatedOnToolsVersion = 7.3.1;
						TestTargetID = 6973039C1D43267900BBFED0;
					};
				};
			};
			buildConfigurationList = 697303981D43267900BBFED0 /* Build configuration list for PBXProject "FoodTracker" */;
			compatibilityVersion = "Xcode 3.2";
			developmentRegion = English;
			hasScannedForEncodings = 0;
			knownRegions = (
				en,
				Base,
			);
			mainGroup = 697303941D43267900BBFED0;
			productRefGroup = 6973039E1D43267900BBFED0 /* Products */;
			projectDirPath = "";
			projectRoot = "";
			targets = (
				6973039C1D43267900BBFED0 /* FoodTracker */,
				697303B01D43267900BBFED0 /* FoodTrackerTests */,
				697303BB1D43267900BBFED0 /* FoodTrackerUITests */,
			);
		};
/* End PBXProject section */

/* Begin PBXResourcesBuildPhase section */
		6973039B1D43267900BBFED0 /* Resources */ = {
			isa = PBXResourcesBuildPhase;
			buildActionMask = 2147483647;
			files = (
				697303AB1D43267900BBFED0 /* LaunchScreen.storyboard in Resources */,
				697303A81D43267900BBFED0 /* Assets.xcassets in Resources */,
				697303A61D43267900BBFED0 /* Main.storyboard in Resources */,
			);
			runOnlyForDeploymentPostprocessing = 0;
		};
		697303AF1D43267900BBFED0 /* Resources */ = {
			isa = PBXResourcesBuildPhase;
			buildActionMask = 2147483647;
			files = (
			);
			runOnlyForDeploymentPostprocessing = 0;
		};
		697303BA1D43267900BBFED0 /* Resources */ = {
			isa = PBXResourcesBuildPhase;
			buildActionMask = 2147483647;
			files = (
			);
			runOnlyForDeploymentPostprocessing = 0;
		};
/* End PBXResourcesBuildPhase section */

/* Begin PBXSourcesBuildPhase section */
		697303991D43267900BBFED0 /* Sources */ = {
			isa = PBXSourcesBuildPhase;
			buildActionMask = 2147483647;
			files = (
				697303A31D43267900BBFED0 /* ViewController.swift in Sources */,
				697303A11D43267900BBFED0 /* AppDelegate.swift in Sources */,
			);
			runOnlyForDeploymentPostprocessing = 0;
		};
		697303AD1D43267900BBFED0 /* Sources */ = {
			isa = PBXSourcesBuildPhase;
			buildActionMask = 2147483647;
			files = (
				697303B61D43267900BBFED0 /* FoodTrackerTests.swift in Sources */,
			);
			runOnlyForDeploymentPostprocessing = 0;
		};
		697303B81D43267900BBFED0 /* Sources */ = {
			isa = PBXSourcesBuildPhase;
			buildActionMask = 2147483647;
			files = (
				697303C11D43267900BBFED0 /* FoodTrackerUITests.swift in Sources */,
			);
			runOnlyForDeploymentPostprocessing = 0;
		};
/* End PBXSourcesBuildPhase section */

/* Begin PBXTargetDependency section */
		697303B31D43267900BBFED0 /* PBXTargetDependency */ = {
			isa = PBXTargetDependency;
			target = 6973039C1D43267900BBFED0 /* FoodTracker */;
			targetProxy = 697303B21D43267900BBFED0 /* PBXContainerItemProxy */;
		};
		697303BE1D43267900BBFED0 /* PBXTargetDependency */ = {
			isa = PBXTargetDependency;
			target = 6973039C1D43267900BBFED0 /* FoodTracker */;
			targetProxy = 697303BD1D43267900BBFED0 /* PBXContainerItemProxy */;
		};
/* End PBXTargetDependency section */

/* Begin PBXVariantGroup section */
		697303A41D43267900BBFED0 /* Main.storyboard */ = {
			isa = PBXVariantGroup;
			children = (
				697303A51D43267900BBFED0 /* Base */,
			);
			name = Main.storyboard;
			sourceTree = "<group>";
		};
		697303A91D43267900BBFED0 /* LaunchScreen.storyboard */ = {
			isa = PBXVariantGroup;
			children = (
				697303AA1D43267900BBFED0 /* Base */,
			);
			name = LaunchScreen.storyboard;
			sourceTree = "<group>";
		};
/* End PBXVariantGroup section */

/* Begin XCBuildConfiguration section */
		697303C31D43267900BBFED0 /* Debug */ = {
			isa = XCBuildConfiguration;
			buildSettings = {
				ALWAYS_SEARCH_USER_PATHS = NO;
				CLANG_ANALYZER_NONNULL = YES;
				CLANG_CXX_LANGUAGE_STANDARD = "gnu++0x";
				CLANG_CXX_LIBRARY = "libc++";
				CLANG_ENABLE_MODULES = YES;
				CLANG_ENABLE_OBJC_ARC = YES;
				CLANG_WARN_BOOL_CONVERSION = YES;
				CLANG_WARN_CONSTANT_CONVERSION = YES;
				CLANG_WARN_DIRECT_OBJC_ISA_USAGE = YES_ERROR;
				CLANG_WARN_EMPTY_BODY = YES;
				CLANG_WARN_ENUM_CONVERSION = YES;
				CLANG_WARN_INT_CONVERSION = YES;
				CLANG_WARN_OBJC_ROOT_CLASS = YES_ERROR;
				CLANG_WARN_UNREACHABLE_CODE = YES;
				CLANG_WARN__DUPLICATE_METHOD_MATCH = YES;
				"CODE_SIGN_IDENTITY[sdk=iphoneos*]" = "iPhone Developer";
				COPY_PHASE_STRIP = NO;
				DEBUG_INFORMATION_FORMAT = dwarf;
				ENABLE_STRICT_OBJC_MSGSEND = YES;
				ENABLE_TESTABILITY = YES;
				GCC_C_LANGUAGE_STANDARD = gnu99;
				GCC_DYNAMIC_NO_PIC = NO;
				GCC_NO_COMMON_BLOCKS = YES;
				GCC_OPTIMIZATION_LEVEL = 0;
				GCC_PREPROCESSOR_DEFINITIONS = (
					"DEBUG=1",
					"$(inherited)",
				);
				GCC_WARN_64_TO_32_BIT_CONVERSION = YES;
				GCC_WARN_ABOUT_RETURN_TYPE = YES_ERROR;
				GCC_WARN_UNDECLARED_SELECTOR = YES;
				GCC_WARN_UNINITIALIZED_AUTOS = YES_AGGRESSIVE;
				GCC_WARN_UNUSED_FUNCTION = YES;
				GCC_WARN_UNUSED_VARIABLE = YES;
				IPHONEOS_DEPLOYMENT_TARGET = 9.3;
				MTL_ENABLE_DEBUG_INFO = YES;
				ONLY_ACTIVE_ARCH = YES;
				SDKROOT = iphoneos;
				SWIFT_OPTIMIZATION_LEVEL = "-Onone";
			};
			name = Debug;
		};
		697303C41D43267900BBFED0 /* Release */ = {
			isa = XCBuildConfiguration;
			buildSettings = {
				ALWAYS_SEARCH_USER_PATHS = NO;
				CLANG_ANALYZER_NONNULL = YES;
				CLANG_CXX_LANGUAGE_STANDARD = "gnu++0x";
				CLANG_CXX_LIBRARY = "libc++";
				CLANG_ENABLE_MODULES = YES;
				CLANG_ENABLE_OBJC_ARC = YES;
				CLANG_WARN_BOOL_CONVERSION = YES;
				CLANG_WARN_CONSTANT_CONVERSION = YES;
				CLANG_WARN_DIRECT_OBJC_ISA_USAGE = YES_ERROR;
				CLANG_WARN_EMPTY_BODY = YES;
				CLANG_WARN_ENUM_CONVERSION = YES;
				CLANG_WARN_INT_CONVERSION = YES;
				CLANG_WARN_OBJC_ROOT_CLASS = YES_ERROR;
				CLANG_WARN_UNREACHABLE_CODE = YES;
				CLANG_WARN__DUPLICATE_METHOD_MATCH = YES;
				"CODE_SIGN_IDENTITY[sdk=iphoneos*]" = "iPhone Developer";
				COPY_PHASE_STRIP = NO;
				DEBUG_INFORMATION_FORMAT = "dwarf-with-dsym";
				ENABLE_NS_ASSERTIONS = NO;
				ENABLE_STRICT_OBJC_MSGSEND = YES;
				GCC_C_LANGUAGE_STANDARD = gnu99;
				GCC_NO_COMMON_BLOCKS = YES;
				GCC_WARN_64_TO_32_BIT_CONVERSION = YES;
				GCC_WARN_ABOUT_RETURN_TYPE = YES_ERROR;
				GCC_WARN_UNDECLARED_SELECTOR = YES;
				GCC_WARN_UNINITIALIZED_AUTOS = YES_AGGRESSIVE;
				GCC_WARN_UNUSED_FUNCTION = YES;
				GCC_WARN_UNUSED_VARIABLE = YES;
				IPHONEOS_DEPLOYMENT_TARGET = 9.3;
				MTL_ENABLE_DEBUG_INFO = NO;
				SDKROOT = iphoneos;
				VALIDATE_PRODUCT = YES;
			};
			name = Release;
		};
		697303C61D43267900BBFED0 /* Debug */ = {
			isa = XCBuildConfiguration;
			buildSettings = {
				ASSETCATALOG_COMPILER_APPICON_NAME = AppIcon;
				INFOPLIST_FILE = FoodTracker/Info.plist;
				LD_RUNPATH_SEARCH_PATHS = "$(inherited) @executable_path/Frameworks";
				PRODUCT_BUNDLE_IDENTIFIER = com.railsgem.FoodTracker;
				PRODUCT_NAME = "$(TARGET_NAME)";
			};
			name = Debug;
		};
		697303C71D43267900BBFED0 /* Release */ = {
			isa = XCBuildConfiguration;
			buildSettings = {
				ASSETCATALOG_COMPILER_APPICON_NAME = AppIcon;
				INFOPLIST_FILE = FoodTracker/Info.plist;
				LD_RUNPATH_SEARCH_PATHS = "$(inherited) @executable_path/Frameworks";
				PRODUCT_BUNDLE_IDENTIFIER = com.railsgem.FoodTracker;
				PRODUCT_NAME = "$(TARGET_NAME)";
			};
			name = Release;
		};
		697303C91D43267900BBFED0 /* Debug */ = {
			isa = XCBuildConfiguration;
			buildSettings = {
				BUNDLE_LOADER = "$(TEST_HOST)";
				INFOPLIST_FILE = FoodTrackerTests/Info.plist;
				LD_RUNPATH_SEARCH_PATHS = "$(inherited) @executable_path/Frameworks @loader_path/Frameworks";
				PRODUCT_BUNDLE_IDENTIFIER = com.railsgem.FoodTrackerTests;
				PRODUCT_NAME = "$(TARGET_NAME)";
				TEST_HOST = "$(BUILT_PRODUCTS_DIR)/FoodTracker.app/FoodTracker";
			};
			name = Debug;
		};
		697303CA1D43267900BBFED0 /* Release */ = {
			isa = XCBuildConfiguration;
			buildSettings = {
				BUNDLE_LOADER = "$(TEST_HOST)";
				INFOPLIST_FILE = FoodTrackerTests/Info.plist;
				LD_RUNPATH_SEARCH_PATHS = "$(inherited) @executable_path/Frameworks @loader_path/Frameworks";
				PRODUCT_BUNDLE_IDENTIFIER = com.railsgem.FoodTrackerTests;
				PRODUCT_NAME = "$(TARGET_NAME)";
				TEST_HOST = "$(BUILT_PRODUCTS_DIR)/FoodTracker.app/FoodTracker";
			};
			name = Release;
		};
		697303CC1D43267900BBFED0 /* Debug */ = {
			isa = XCBuildConfiguration;
			buildSettings = {
				INFOPLIST_FILE = FoodTrackerUITests/Info.plist;
				LD_RUNPATH_SEARCH_PATHS = "$(inherited) @executable_path/Frameworks @loader_path/Frameworks";
				PRODUCT_BUNDLE_IDENTIFIER = com.railsgem.FoodTrackerUITests;
				PRODUCT_NAME = "$(TARGET_NAME)";
				TEST_TARGET_NAME = FoodTracker;
			};
			name = Debug;
		};
		697303CD1D43267900BBFED0 /* Release */ = {
			isa = XCBuildConfiguration;
			buildSettings = {
				INFOPLIST_FILE = FoodTrackerUITests/Info.plist;
				LD_RUNPATH_SEARCH_PATHS = "$(inherited) @executable_path/Frameworks @loader_path/Frameworks";
				PRODUCT_BUNDLE_IDENTIFIER = com.railsgem.FoodTrackerUITests;
				PRODUCT_NAME = "$(TARGET_NAME)";
				TEST_TARGET_NAME = FoodTracker;
			};
			name = Release;
		};
/* End XCBuildConfiguration section */

/* Begin XCConfigurationList section */
		697303981D43267900BBFED0 /* Build configuration list for PBXProject "FoodTracker" */ = {
			isa = XCConfigurationList;
			buildConfigurations = (
				697303C31D43267900BBFED0 /* Debug */,
				697303C41D43267900BBFED0 /* Release */,
			);
			defaultConfigurationIsVisible = 0;
			defaultConfigurationName = Release;
		};
		697303C51D43267900BBFED0 /* Build configuration list for PBXNativeTarget "FoodTracker" */ = {
			isa = XCConfigurationList;
			buildConfigurations = (
				697303C61D43267900BBFED0 /* Debug */,
				697303C71D43267900BBFED0 /* Release */,
			);
			defaultConfigurationIsVisible = 0;
		};
		697303C81D43267900BBFED0 /* Build configuration list for PBXNativeTarget "FoodTrackerTests" */ = {
			isa = XCConfigurationList;
			buildConfigurations = (
				697303C91D43267900BBFED0 /* Debug */,
				697303CA1D43267900BBFED0 /* Release */,
			);
			defaultConfigurationIsVisible = 0;
		};
		697303CB1D43267900BBFED0 /* Build configuration list for PBXNativeTarget "FoodTrackerUITests" */ = {
			isa = XCConfigurationList;
			buildConfigurations = (
				697303CC1D43267900BBFED0 /* Debug */,
				697303CD1D43267900BBFED0 /* Release */,
			);
			defaultConfigurationIsVisible = 0;
		};
/* End XCConfigurationList section */
	};
	rootObject = 697303951D43267900BBFED0 /* Project object */;
}
